{
  "version": 4,
  "terraform_version": "1.7.4",
  "serial": 22,
  "lineage": "e1bd8ec1-27f4-e312-e54a-71b819bf0c04",
  "outputs": {
    "ecs_cluster_name": {
      "value": "ecs_poc_cluster",
      "type": "string"
    },
    "ecs_service_name": {
      "value": "ecs_poc_service",
      "type": "string"
    },
    "ecs_task_definition_arn": {
      "value": "arn:aws:ecs:ap-south-1:378471046835:task-definition/ecs_poc_task:17",
      "type": "string"
    },
    "key_pair_file": {
      "value": "./ec2_key_pair.pem",
      "type": "string"
    },
    "security_group_id": {
      "value": "sg-04d6e0109a6e02917",
      "type": "string"
    },
    "subnet_ids": {
      "value": [
        "subnet-0d319d56145871675",
        "subnet-063694acbc7dad060"
      ],
      "type": [
        "tuple",
        [
          "string",
          "string"
        ]
      ]
    },
    "vpc_id": {
      "value": "vpc-0573cf56c83ed63f2",
      "type": "string"
    }
  },
  "resources": [
    {
      "mode": "managed",
      "type": "aws_ecs_cluster",
      "name": "ecs_poc_cluster",
      "provider": "provider[\"registry.terraform.io/hashicorp/aws\"]",
      "instances": [
        {
          "schema_version": 0,
          "attributes": {
            "arn": "arn:aws:ecs:ap-south-1:378471046835:cluster/ecs_poc_cluster",
            "configuration": [],
            "id": "arn:aws:ecs:ap-south-1:378471046835:cluster/ecs_poc_cluster",
            "name": "ecs_poc_cluster",
            "service_connect_defaults": [],
            "setting": [
              {
                "name": "containerInsights",
                "value": "disabled"
              }
            ],
            "tags": null,
            "tags_all": {}
          },
          "sensitive_attributes": [],
          "private": "bnVsbA=="
        }
      ]
    },
    {
      "mode": "managed",
      "type": "aws_ecs_service",
      "name": "ecs_poc_service",
      "provider": "provider[\"registry.terraform.io/hashicorp/aws\"]",
      "instances": [
        {
          "schema_version": 0,
          "attributes": {
            "alarms": [],
            "capacity_provider_strategy": [],
            "cluster": "arn:aws:ecs:ap-south-1:378471046835:cluster/ecs_poc_cluster",
            "deployment_circuit_breaker": [
              {
                "enable": false,
                "rollback": false
              }
            ],
            "deployment_controller": [
              {
                "type": "ECS"
              }
            ],
            "deployment_maximum_percent": 200,
            "deployment_minimum_healthy_percent": 100,
            "desired_count": 1,
            "enable_ecs_managed_tags": false,
            "enable_execute_command": false,
            "force_new_deployment": null,
            "health_check_grace_period_seconds": 0,
            "iam_role": null,
            "id": "arn:aws:ecs:ap-south-1:378471046835:service/ecs_poc_cluster/ecs_poc_service",
            "launch_type": "EC2",
            "load_balancer": [],
            "name": "ecs_poc_service",
            "network_configuration": [],
            "ordered_placement_strategy": [],
            "placement_constraints": [],
            "platform_version": "",
            "propagate_tags": "NONE",
            "scheduling_strategy": "REPLICA",
            "service_connect_configuration": [],
            "service_registries": [],
            "tags": {
              "Name": "ecs_poc_service"
            },
            "tags_all": {
              "Name": "ecs_poc_service"
            },
            "task_definition": "arn:aws:ecs:ap-south-1:378471046835:task-definition/ecs_poc_task:17",
            "timeouts": null,
            "triggers": {},
            "volume_configuration": [],
            "wait_for_steady_state": false
          },
          "sensitive_attributes": [],
          "private": "eyJlMmJmYjczMC1lY2FhLTExZTYtOGY4OC0zNDM2M2JjN2M0YzAiOnsiY3JlYXRlIjoxMjAwMDAwMDAwMDAwLCJkZWxldGUiOjEyMDAwMDAwMDAwMDAsInVwZGF0ZSI6MTIwMDAwMDAwMDAwMH19",
          "dependencies": [
            "aws_ecs_cluster.ecs_poc_cluster",
            "aws_ecs_task_definition.ecs_poc_task",
            "aws_iam_role.ecs_task_execution_role"
          ]
        }
      ]
    },
    {
      "mode": "managed",
      "type": "aws_ecs_task_definition",
      "name": "ecs_poc_task",
      "provider": "provider[\"registry.terraform.io/hashicorp/aws\"]",
      "instances": [
        {
          "schema_version": 1,
          "attributes": {
            "arn": "arn:aws:ecs:ap-south-1:378471046835:task-definition/ecs_poc_task:17",
            "arn_without_revision": "arn:aws:ecs:ap-south-1:378471046835:task-definition/ecs_poc_task",
            "container_definitions": "[{\"cpu\":0,\"environment\":[],\"essential\":true,\"image\":\"nginx:1.25.5\",\"mountPoints\":[],\"name\":\"demo-app\",\"portMappings\":[{\"containerPort\":80,\"hostPort\":80,\"protocol\":\"tcp\"}],\"systemControls\":[],\"volumesFrom\":[]}]",
            "cpu": "256",
            "ephemeral_storage": [],
            "execution_role_arn": "arn:aws:iam::378471046835:role/ecsTaskExecutionRole",
            "family": "ecs_poc_task",
            "id": "ecs_poc_task",
            "inference_accelerator": [],
            "ipc_mode": "",
            "memory": "512",
            "network_mode": "bridge",
            "pid_mode": "",
            "placement_constraints": [],
            "proxy_configuration": [],
            "requires_compatibilities": [
              "EC2"
            ],
            "revision": 17,
            "runtime_platform": [],
            "skip_destroy": false,
            "tags": null,
            "tags_all": {},
            "task_role_arn": "",
            "track_latest": false,
            "volume": []
          },
          "sensitive_attributes": [],
          "private": "eyJzY2hlbWFfdmVyc2lvbiI6IjEifQ==",
          "dependencies": [
            "aws_iam_role.ecs_task_execution_role"
          ]
        }
      ]
    },
    {
      "mode": "managed",
      "type": "aws_iam_instance_profile",
      "name": "ecs_instance_profile",
      "provider": "provider[\"registry.terraform.io/hashicorp/aws\"]",
      "instances": [
        {
          "schema_version": 0,
          "attributes": {
            "arn": "arn:aws:iam::378471046835:instance-profile/ecsInstanceProfile",
            "create_date": "2024-05-29T12:50:22Z",
            "id": "ecsInstanceProfile",
            "name": "ecsInstanceProfile",
            "name_prefix": "",
            "path": "/",
            "role": "ecsInstanceRole",
            "tags": null,
            "tags_all": {},
            "unique_id": "AIPAVQHVB32Z7UTILMHUI"
          },
          "sensitive_attributes": [],
          "private": "bnVsbA==",
          "dependencies": [
            "aws_iam_role.ecs_instance_role"
          ]
        }
      ]
    },
    {
      "mode": "managed",
      "type": "aws_iam_role",
      "name": "ecs_instance_role",
      "provider": "provider[\"registry.terraform.io/hashicorp/aws\"]",
      "instances": [
        {
          "schema_version": 0,
          "attributes": {
            "arn": "arn:aws:iam::378471046835:role/ecsInstanceRole",
            "assume_role_policy": "{\"Statement\":[{\"Action\":\"sts:AssumeRole\",\"Effect\":\"Allow\",\"Principal\":{\"Service\":\"ec2.amazonaws.com\"}}],\"Version\":\"2012-10-17\"}",
            "create_date": "2024-05-29T12:50:21Z",
            "description": "",
            "force_detach_policies": false,
            "id": "ecsInstanceRole",
            "inline_policy": [],
            "managed_policy_arns": [],
            "max_session_duration": 3600,
            "name": "ecsInstanceRole",
            "name_prefix": "",
            "path": "/",
            "permissions_boundary": "",
            "tags": null,
            "tags_all": {},
            "unique_id": "AROAVQHVB32Z2NV7DT2O4"
          },
          "sensitive_attributes": [],
          "private": "bnVsbA=="
        }
      ]
    },
    {
      "mode": "managed",
      "type": "aws_iam_role",
      "name": "ecs_task_execution_role",
      "provider": "provider[\"registry.terraform.io/hashicorp/aws\"]",
      "instances": [
        {
          "schema_version": 0,
          "attributes": {
            "arn": "arn:aws:iam::378471046835:role/ecsTaskExecutionRole",
            "assume_role_policy": "{\"Statement\":[{\"Action\":\"sts:AssumeRole\",\"Effect\":\"Allow\",\"Principal\":{\"Service\":\"ecs-tasks.amazonaws.com\"}}],\"Version\":\"2012-10-17\"}",
            "create_date": "2024-05-29T12:50:21Z",
            "description": "",
            "force_detach_policies": false,
            "id": "ecsTaskExecutionRole",
            "inline_policy": [],
            "managed_policy_arns": [],
            "max_session_duration": 3600,
            "name": "ecsTaskExecutionRole",
            "name_prefix": "",
            "path": "/",
            "permissions_boundary": "",
            "tags": null,
            "tags_all": {},
            "unique_id": "AROAVQHVB32ZYMM7NTXKV"
          },
          "sensitive_attributes": [],
          "private": "bnVsbA=="
        }
      ]
    },
    {
      "mode": "managed",
      "type": "aws_iam_role_policy_attachment",
      "name": "ecs_instance_role_policy",
      "provider": "provider[\"registry.terraform.io/hashicorp/aws\"]",
      "instances": [
        {
          "schema_version": 0,
          "attributes": {
            "id": "ecsInstanceRole-20240529125022300200000002",
            "policy_arn": "arn:aws:iam::aws:policy/service-role/AmazonEC2ContainerServiceforEC2Role",
            "role": "ecsInstanceRole"
          },
          "sensitive_attributes": [],
          "private": "bnVsbA==",
          "dependencies": [
            "aws_iam_role.ecs_instance_role"
          ]
        }
      ]
    },
    {
      "mode": "managed",
      "type": "aws_iam_role_policy_attachment",
      "name": "ecs_task_execution_role_policy",
      "provider": "provider[\"registry.terraform.io/hashicorp/aws\"]",
      "instances": [
        {
          "schema_version": 0,
          "attributes": {
            "id": "ecsTaskExecutionRole-20240529125022582300000003",
            "policy_arn": "arn:aws:iam::aws:policy/service-role/AmazonEC2ContainerServiceRole",
            "role": "ecsTaskExecutionRole"
          },
          "sensitive_attributes": [],
          "private": "bnVsbA==",
          "dependencies": [
            "aws_iam_role.ecs_task_execution_role"
          ]
        }
      ]
    },
    {
      "mode": "managed",
      "type": "aws_instance",
      "name": "ecs_instance",
      "provider": "provider[\"registry.terraform.io/hashicorp/aws\"]",
      "instances": [
        {
          "index_key": 0,
          "schema_version": 1,
          "attributes": {
            "ami": "ami-08ebc9e780cde07dd",
            "arn": "arn:aws:ec2:ap-south-1:378471046835:instance/i-0399fc946f06d8652",
            "associate_public_ip_address": true,
            "availability_zone": "ap-south-1a",
            "capacity_reservation_specification": [
              {
                "capacity_reservation_preference": "open",
                "capacity_reservation_target": []
              }
            ],
            "cpu_core_count": 1,
            "cpu_options": [
              {
                "amd_sev_snp": "",
                "core_count": 1,
                "threads_per_core": 1
              }
            ],
            "cpu_threads_per_core": 1,
            "credit_specification": [
              {
                "cpu_credits": "standard"
              }
            ],
            "disable_api_stop": false,
            "disable_api_termination": false,
            "ebs_block_device": [],
            "ebs_optimized": false,
            "enclave_options": [
              {
                "enabled": false
              }
            ],
            "ephemeral_block_device": [],
            "get_password_data": false,
            "hibernation": false,
            "host_id": "",
            "host_resource_group_arn": null,
            "iam_instance_profile": "ecsInstanceProfile",
            "id": "i-0399fc946f06d8652",
            "instance_initiated_shutdown_behavior": "stop",
            "instance_lifecycle": "",
            "instance_market_options": [],
            "instance_state": "running",
            "instance_type": "t2.micro",
            "ipv6_address_count": 0,
            "ipv6_addresses": [],
            "key_name": "ec2_key_pair",
            "launch_template": [],
            "maintenance_options": [
              {
                "auto_recovery": "default"
              }
            ],
            "metadata_options": [
              {
                "http_endpoint": "enabled",
                "http_protocol_ipv6": "disabled",
                "http_put_response_hop_limit": 1,
                "http_tokens": "optional",
                "instance_metadata_tags": "disabled"
              }
            ],
            "monitoring": false,
            "network_interface": [],
            "outpost_arn": "",
            "password_data": "",
            "placement_group": "",
            "placement_partition_number": 0,
            "primary_network_interface_id": "eni-02645d9814de8be28",
            "private_dns": "ip-10-0-0-150.ap-south-1.compute.internal",
            "private_dns_name_options": [
              {
                "enable_resource_name_dns_a_record": false,
                "enable_resource_name_dns_aaaa_record": false,
                "hostname_type": "ip-name"
              }
            ],
            "private_ip": "10.0.0.150",
            "public_dns": "",
            "public_ip": "13.235.115.239",
            "root_block_device": [
              {
                "delete_on_termination": true,
                "device_name": "/dev/xvda",
                "encrypted": false,
                "iops": 100,
                "kms_key_id": "",
                "tags": {},
                "tags_all": {},
                "throughput": 0,
                "volume_id": "vol-0f6c0e5cbca2fad74",
                "volume_size": 8,
                "volume_type": "gp2"
              }
            ],
            "secondary_private_ips": [],
            "security_groups": [],
            "source_dest_check": true,
            "spot_instance_request_id": "",
            "subnet_id": "subnet-0d319d56145871675",
            "tags": {
              "Name": "ecs_instance-0"
            },
            "tags_all": {
              "Name": "ecs_instance-0"
            },
            "tenancy": "default",
            "timeouts": null,
            "user_data": "ae597c4321460cdb9230b89c3dcaa6a7c09fe999",
            "user_data_base64": null,
            "user_data_replace_on_change": false,
            "volume_tags": null,
            "vpc_security_group_ids": [
              "sg-04d6e0109a6e02917"
            ]
          },
          "sensitive_attributes": [],
          "private": "eyJlMmJmYjczMC1lY2FhLTExZTYtOGY4OC0zNDM2M2JjN2M0YzAiOnsiY3JlYXRlIjo2MDAwMDAwMDAwMDAsImRlbGV0ZSI6MTIwMDAwMDAwMDAwMCwicmVhZCI6OTAwMDAwMDAwMDAwLCJ1cGRhdGUiOjYwMDAwMDAwMDAwMH0sInNjaGVtYV92ZXJzaW9uIjoiMSJ9",
          "dependencies": [
            "aws_ecs_cluster.ecs_poc_cluster",
            "aws_iam_instance_profile.ecs_instance_profile",
            "aws_iam_role.ecs_instance_role",
            "aws_key_pair.ec2_key_pair",
            "aws_security_group.ecs_vpc",
            "aws_subnet.ecs_vpc",
            "aws_vpc.ecs_vpc",
            "tls_private_key.new_key_pair"
          ]
        }
      ]
    },
    {
      "mode": "managed",
      "type": "aws_internet_gateway",
      "name": "ecs_vpc",
      "provider": "provider[\"registry.terraform.io/hashicorp/aws\"]",
      "instances": [
        {
          "schema_version": 0,
          "attributes": {
            "arn": "arn:aws:ec2:ap-south-1:378471046835:internet-gateway/igw-06ef29ba72b3c8560",
            "id": "igw-06ef29ba72b3c8560",
            "owner_id": "378471046835",
            "tags": {
              "Name": "ecs_vpc-igw"
            },
            "tags_all": {
              "Name": "ecs_vpc-igw"
            },
            "timeouts": null,
            "vpc_id": "vpc-0573cf56c83ed63f2"
          },
          "sensitive_attributes": [],
          "private": "eyJlMmJmYjczMC1lY2FhLTExZTYtOGY4OC0zNDM2M2JjN2M0YzAiOnsiY3JlYXRlIjoxMjAwMDAwMDAwMDAwLCJkZWxldGUiOjEyMDAwMDAwMDAwMDAsInVwZGF0ZSI6MTIwMDAwMDAwMDAwMH19",
          "dependencies": [
            "aws_vpc.ecs_vpc"
          ]
        }
      ]
    },
    {
      "mode": "managed",
      "type": "aws_key_pair",
      "name": "ec2_key_pair",
      "provider": "provider[\"registry.terraform.io/hashicorp/aws\"]",
      "instances": [
        {
          "schema_version": 1,
          "attributes": {
            "arn": "arn:aws:ec2:ap-south-1:378471046835:key-pair/ec2_key_pair",
            "fingerprint": "e9:05:ae:a4:a5:66:99:53:c4:bb:58:37:fc:d2:6e:41",
            "id": "ec2_key_pair",
            "key_name": "ec2_key_pair",
            "key_name_prefix": "",
            "key_pair_id": "key-0f6fd4f5a45f00bd9",
            "key_type": "rsa",
            "public_key": "ssh-rsa AAAAB3NzaC1yc2EAAAADAQABAAABAQC3LjKLG/CyczANUGMxcxITrsJv/fX0u5Q3zoJqPCm39phu7j+pZ4qdQOud9RpzFhXQH4n0o0N66OBR6xbnnaILGq2Dnkyh0A/rSiojAbSvIME2U6aOxi92Ezm0oTdg3g5vO6931imCMyq9QoJXeKXp61i22ZpQH4EEqGoBpLXC5wtnimhMQKvXhOJHnAm20TD0H2pH72Gk58JjWbXYq71EIprK/MPuB4CR2hfvz7uGjLROJ+K84vFwLksPWcnxML7fsV2jHSMYgpF0eP/hQODm8AXqjSlcPMKNv6mOTg0kYhSHSKC3J9WLYy26X4AVRKDPkGCvbZSn7hP+LYGZ03ff",
            "tags": null,
            "tags_all": {}
          },
          "sensitive_attributes": [],
          "private": "eyJzY2hlbWFfdmVyc2lvbiI6IjEifQ==",
          "dependencies": [
            "tls_private_key.new_key_pair"
          ]
        }
      ]
    },
    {
      "mode": "managed",
      "type": "aws_route_table",
      "name": "ecs_vpc",
      "provider": "provider[\"registry.terraform.io/hashicorp/aws\"]",
      "instances": [
        {
          "schema_version": 0,
          "attributes": {
            "arn": "arn:aws:ec2:ap-south-1:378471046835:route-table/rtb-09998bbb33caf5d7d",
            "id": "rtb-09998bbb33caf5d7d",
            "owner_id": "378471046835",
            "propagating_vgws": [],
            "route": [
              {
                "carrier_gateway_id": "",
                "cidr_block": "0.0.0.0/0",
                "core_network_arn": "",
                "destination_prefix_list_id": "",
                "egress_only_gateway_id": "",
                "gateway_id": "igw-06ef29ba72b3c8560",
                "ipv6_cidr_block": "",
                "local_gateway_id": "",
                "nat_gateway_id": "",
                "network_interface_id": "",
                "transit_gateway_id": "",
                "vpc_endpoint_id": "",
                "vpc_peering_connection_id": ""
              }
            ],
            "tags": {
              "Name": "ecs_vpc-route-table"
            },
            "tags_all": {
              "Name": "ecs_vpc-route-table"
            },
            "timeouts": null,
            "vpc_id": "vpc-0573cf56c83ed63f2"
          },
          "sensitive_attributes": [],
          "private": "eyJlMmJmYjczMC1lY2FhLTExZTYtOGY4OC0zNDM2M2JjN2M0YzAiOnsiY3JlYXRlIjozMDAwMDAwMDAwMDAsImRlbGV0ZSI6MzAwMDAwMDAwMDAwLCJ1cGRhdGUiOjEyMDAwMDAwMDAwMH19",
          "dependencies": [
            "aws_internet_gateway.ecs_vpc",
            "aws_vpc.ecs_vpc"
          ]
        }
      ]
    },
    {
      "mode": "managed",
      "type": "aws_route_table_association",
      "name": "ecs_vpc",
      "provider": "provider[\"registry.terraform.io/hashicorp/aws\"]",
      "instances": [
        {
          "index_key": 0,
          "schema_version": 0,
          "attributes": {
            "gateway_id": "",
            "id": "rtbassoc-079677d3bd8da7b16",
            "route_table_id": "rtb-09998bbb33caf5d7d",
            "subnet_id": "subnet-0d319d56145871675",
            "timeouts": null
          },
          "sensitive_attributes": [],
          "private": "eyJlMmJmYjczMC1lY2FhLTExZTYtOGY4OC0zNDM2M2JjN2M0YzAiOnsiY3JlYXRlIjozMDAwMDAwMDAwMDAsImRlbGV0ZSI6MzAwMDAwMDAwMDAwLCJ1cGRhdGUiOjEyMDAwMDAwMDAwMH19",
          "dependencies": [
            "aws_internet_gateway.ecs_vpc",
            "aws_route_table.ecs_vpc",
            "aws_subnet.ecs_vpc",
            "aws_vpc.ecs_vpc"
          ]
        },
        {
          "index_key": 1,
          "schema_version": 0,
          "attributes": {
            "gateway_id": "",
            "id": "rtbassoc-0ccade6d4886a7de6",
            "route_table_id": "rtb-09998bbb33caf5d7d",
            "subnet_id": "subnet-063694acbc7dad060",
            "timeouts": null
          },
          "sensitive_attributes": [],
          "private": "eyJlMmJmYjczMC1lY2FhLTExZTYtOGY4OC0zNDM2M2JjN2M0YzAiOnsiY3JlYXRlIjozMDAwMDAwMDAwMDAsImRlbGV0ZSI6MzAwMDAwMDAwMDAwLCJ1cGRhdGUiOjEyMDAwMDAwMDAwMH19",
          "dependencies": [
            "aws_internet_gateway.ecs_vpc",
            "aws_route_table.ecs_vpc",
            "aws_subnet.ecs_vpc",
            "aws_vpc.ecs_vpc"
          ]
        }
      ]
    },
    {
      "mode": "managed",
      "type": "aws_security_group",
      "name": "ecs_vpc",
      "provider": "provider[\"registry.terraform.io/hashicorp/aws\"]",
      "instances": [
        {
          "schema_version": 1,
          "attributes": {
            "arn": "arn:aws:ec2:ap-south-1:378471046835:security-group/sg-04d6e0109a6e02917",
            "description": "Allow inbound traffic",
            "egress": [
              {
                "cidr_blocks": [
                  "0.0.0.0/0"
                ],
                "description": "",
                "from_port": 0,
                "ipv6_cidr_blocks": [],
                "prefix_list_ids": [],
                "protocol": "-1",
                "security_groups": [],
                "self": false,
                "to_port": 0
              }
            ],
            "id": "sg-04d6e0109a6e02917",
            "ingress": [
              {
                "cidr_blocks": [
                  "0.0.0.0/0"
                ],
                "description": "",
                "from_port": 80,
                "ipv6_cidr_blocks": [],
                "prefix_list_ids": [],
                "protocol": "tcp",
                "security_groups": [],
                "self": false,
                "to_port": 80
              }
            ],
            "name": "ecs_poc_sg",
            "name_prefix": "",
            "owner_id": "378471046835",
            "revoke_rules_on_delete": false,
            "tags": {
              "Name": "ecs_poc_sg"
            },
            "tags_all": {
              "Name": "ecs_poc_sg"
            },
            "timeouts": null,
            "vpc_id": "vpc-0573cf56c83ed63f2"
          },
          "sensitive_attributes": [],
          "private": "eyJlMmJmYjczMC1lY2FhLTExZTYtOGY4OC0zNDM2M2JjN2M0YzAiOnsiY3JlYXRlIjo2MDAwMDAwMDAwMDAsImRlbGV0ZSI6OTAwMDAwMDAwMDAwfSwic2NoZW1hX3ZlcnNpb24iOiIxIn0=",
          "dependencies": [
            "aws_vpc.ecs_vpc"
          ]
        }
      ]
    },
    {
      "mode": "managed",
      "type": "aws_subnet",
      "name": "ecs_vpc",
      "provider": "provider[\"registry.terraform.io/hashicorp/aws\"]",
      "instances": [
        {
          "index_key": 0,
          "schema_version": 1,
          "attributes": {
            "arn": "arn:aws:ec2:ap-south-1:378471046835:subnet/subnet-0d319d56145871675",
            "assign_ipv6_address_on_creation": false,
            "availability_zone": "ap-south-1a",
            "availability_zone_id": "aps1-az1",
            "cidr_block": "10.0.0.0/24",
            "customer_owned_ipv4_pool": "",
            "enable_dns64": false,
            "enable_lni_at_device_index": 0,
            "enable_resource_name_dns_a_record_on_launch": false,
            "enable_resource_name_dns_aaaa_record_on_launch": false,
            "id": "subnet-0d319d56145871675",
            "ipv6_cidr_block": "",
            "ipv6_cidr_block_association_id": "",
            "ipv6_native": false,
            "map_customer_owned_ip_on_launch": false,
            "map_public_ip_on_launch": false,
            "outpost_arn": "",
            "owner_id": "378471046835",
            "private_dns_hostname_type_on_launch": "ip-name",
            "tags": {
              "Name": "ecs_vpc-subnet-0"
            },
            "tags_all": {
              "Name": "ecs_vpc-subnet-0"
            },
            "timeouts": null,
            "vpc_id": "vpc-0573cf56c83ed63f2"
          },
          "sensitive_attributes": [],
          "private": "eyJlMmJmYjczMC1lY2FhLTExZTYtOGY4OC0zNDM2M2JjN2M0YzAiOnsiY3JlYXRlIjo2MDAwMDAwMDAwMDAsImRlbGV0ZSI6MTIwMDAwMDAwMDAwMH0sInNjaGVtYV92ZXJzaW9uIjoiMSJ9",
          "dependencies": [
            "aws_vpc.ecs_vpc"
          ]
        },
        {
          "index_key": 1,
          "schema_version": 1,
          "attributes": {
            "arn": "arn:aws:ec2:ap-south-1:378471046835:subnet/subnet-063694acbc7dad060",
            "assign_ipv6_address_on_creation": false,
            "availability_zone": "ap-south-1b",
            "availability_zone_id": "aps1-az3",
            "cidr_block": "10.0.1.0/24",
            "customer_owned_ipv4_pool": "",
            "enable_dns64": false,
            "enable_lni_at_device_index": 0,
            "enable_resource_name_dns_a_record_on_launch": false,
            "enable_resource_name_dns_aaaa_record_on_launch": false,
            "id": "subnet-063694acbc7dad060",
            "ipv6_cidr_block": "",
            "ipv6_cidr_block_association_id": "",
            "ipv6_native": false,
            "map_customer_owned_ip_on_launch": false,
            "map_public_ip_on_launch": false,
            "outpost_arn": "",
            "owner_id": "378471046835",
            "private_dns_hostname_type_on_launch": "ip-name",
            "tags": {
              "Name": "ecs_vpc-subnet-1"
            },
            "tags_all": {
              "Name": "ecs_vpc-subnet-1"
            },
            "timeouts": null,
            "vpc_id": "vpc-0573cf56c83ed63f2"
          },
          "sensitive_attributes": [],
          "private": "eyJlMmJmYjczMC1lY2FhLTExZTYtOGY4OC0zNDM2M2JjN2M0YzAiOnsiY3JlYXRlIjo2MDAwMDAwMDAwMDAsImRlbGV0ZSI6MTIwMDAwMDAwMDAwMH0sInNjaGVtYV92ZXJzaW9uIjoiMSJ9",
          "dependencies": [
            "aws_vpc.ecs_vpc"
          ]
        }
      ]
    },
    {
      "mode": "managed",
      "type": "aws_vpc",
      "name": "ecs_vpc",
      "provider": "provider[\"registry.terraform.io/hashicorp/aws\"]",
      "instances": [
        {
          "schema_version": 1,
          "attributes": {
            "arn": "arn:aws:ec2:ap-south-1:378471046835:vpc/vpc-0573cf56c83ed63f2",
            "assign_generated_ipv6_cidr_block": false,
            "cidr_block": "10.0.0.0/16",
            "default_network_acl_id": "acl-0006f47fcec158639",
            "default_route_table_id": "rtb-046542aeaa804386e",
            "default_security_group_id": "sg-01cf5f9028ea2c022",
            "dhcp_options_id": "dopt-0aea9e766ef934738",
            "enable_dns_hostnames": false,
            "enable_dns_support": true,
            "enable_network_address_usage_metrics": false,
            "id": "vpc-0573cf56c83ed63f2",
            "instance_tenancy": "default",
            "ipv4_ipam_pool_id": null,
            "ipv4_netmask_length": null,
            "ipv6_association_id": "",
            "ipv6_cidr_block": "",
            "ipv6_cidr_block_network_border_group": "",
            "ipv6_ipam_pool_id": "",
            "ipv6_netmask_length": 0,
            "main_route_table_id": "rtb-046542aeaa804386e",
            "owner_id": "378471046835",
            "tags": {
              "Name": "ecs_vpc"
            },
            "tags_all": {
              "Name": "ecs_vpc"
            }
          },
          "sensitive_attributes": [],
          "private": "eyJzY2hlbWFfdmVyc2lvbiI6IjEifQ=="
        }
      ]
    },
    {
      "mode": "managed",
      "type": "local_file",
      "name": "private_key_pem",
      "provider": "provider[\"registry.terraform.io/hashicorp/local\"]",
      "instances": [
        {
          "schema_version": 0,
          "attributes": {
            "content": "-----BEGIN RSA PRIVATE KEY-----\nMIIEpQIBAAKCAQEAty4yixvwsnMwDVBjMXMSE67Cb/319LuUN86Cajwpt/aYbu4/\nqWeKnUDrnfUacxYV0B+J9KNDeujgUesW552iCxqtg55ModAP60oqIwG0ryDBNlOm\njsYvdhM5tKE3YN4Obzuvd9YpgjMqvUKCV3il6etYttmaUB+BBKhqAaS1wucLZ4po\nTECr14TiR5wJttEw9B9qR+9hpOfCY1m12Ku9RCKayvzD7geAkdoX78+7hoy0Tifi\nvOLxcC5LD1nJ8TC+37Fdox0jGIKRdHj/4UDg5vAF6o0pXDzCjb+pjk4NJGIUh0ig\ntyfVi2Mtul+AFUSgz5Bgr22Up+4T/i2BmdN33wIDAQABAoIBAQCPfCFdM9KThYTD\nOQ+p4U/smPx3CwAI5pHQMPOY0W2ASynV4st9H7zFNuAYx7AjK86ESuAd/3DRKu7j\nW/mCDcirWAdITMwMB9UgYeSlrSVh9I9Dxbx2o6jznVWbNpkRSH8YBDGK9fdnpDq7\nKwi8CaY0mAPSnpqwXi0Kf/0hMmqpskpa1CehkoGVqPdcw3wsYmA+QBNLrOA3UP/a\nqiW0Owb3z/5Ag7e0VPW+QD4+SSwPWWPfDlpIuThM8fu/pqMwsoALb2Ml188wFpPj\n9r0x63BFYz4wLdrUsftGQjnrEXc/ymW4Pbo/rtgkYPKtQcXYs5SNLM2p2DYMLPti\nfeBTvXFZAoGBAO18uiI2lKVN+Fv+DhRgf4NH0xWEcxS9qoxfsblatONhCvN/nyZz\nC+umLZXVk4Nytme/BAq+Gv+668bvl880+x25++Jtt5tLDe7K+ruWUKFFk/2hWF/F\nQxGmAf5FUPmMWDHl2jFHncQy/fKFwids4/qxpg4o7Xkor0raSRaPvlsDAoGBAMV1\nutAkWkKl4aes9pKkn/V4eSUs4wPesMkQMCpW2o4DUAjVrRgxDKLpo6i5FtxfJrnU\nLAAiT1EuNFrf6L42ja8AR8rm/RIdBuejM6C19ACxL2mB6+O+N8M0rjbFVrqDM0iX\n8vu9G/0nBSoPSSryJVlXLC31ZMZnjC8PIXVE8sr1AoGBALDGigrTk/wkOL3JM5PJ\nbME84ov+xmbm859/z9wH/+PNJYixM7c8JeBoF0CT9TUAW3SIRCr27UP0UHMJf3gW\nmOG8whj+0JAA40MfxlmB/0y8bPd7dTv8qvrlFlC+KhNHe5LQ5ISQKYiU6GDxXd9Y\n965xNAkQQAxS04ClUYhAwVIfAoGAbG1YVsEPezeBcMRuZVnWqEEuLLa4NcDLzKyB\n9k3ZF1BEW4WR1g3hBXhMMPLp1bq+Fh6mxrAQY+B+SURYllJ4fJcn1QgAATlFOF8K\nk342bUbeZQ49jMI/9oXwAA1esW4n8/3UJF3Uh68si8r2/4kV7zgJ/3aXjsb/WDvz\nwGRK+h0CgYEAseUM/DujmpLdc10MIblaP/sSrSh/9G9upDz8aPuBZIa3vPHZ8LDm\n/M78p7JlbcCmFBJAtZ4aguCEtlY4B3/a40ZcsuAz6jHdny+qdg9eoiRRgts6WzAp\nlAU+F2VIj0y60moD7CAbfcJrvzXw0PThD+41GUkd3+O+6nNa3uJg8Qo=\n-----END RSA PRIVATE KEY-----\n",
            "content_base64": null,
            "content_base64sha256": "WUGd/nytWRYnzyaVHHomGjC1WMd9zhHhJEJQnuOy35g=",
            "content_base64sha512": "t3W8gqqwwZ9ZaMB2iKOuphVuIAmIG5LGCZxvOJDiIhZGNnOoKI/M+/me6/uTc9krMi0hyqwBnn2sD/QjyUar/w==",
            "content_md5": "d024881142e5c5ae35ed6089adbf9560",
            "content_sha1": "a1095c879e27d6fa1d3602277463602f73c18e8f",
            "content_sha256": "59419dfe7cad591627cf26951c7a261a30b558c77dce11e12442509ee3b2df98",
            "content_sha512": "b775bc82aab0c19f5968c07688a3aea6156e2009881b92c6099c6f3890e22216463673a8288fccfbf99eebfb9373d92b322d21caac019e7dac0ff423c946abff",
            "directory_permission": "0777",
            "file_permission": "0777",
            "filename": "./ec2_key_pair.pem",
            "id": "a1095c879e27d6fa1d3602277463602f73c18e8f",
            "sensitive_content": null,
            "source": null
          },
          "sensitive_attributes": [
            [
              {
                "type": "get_attr",
                "value": "content"
              }
            ]
          ],
          "dependencies": [
            "tls_private_key.new_key_pair"
          ]
        }
      ]
    },
    {
      "mode": "managed",
      "type": "tls_private_key",
      "name": "new_key_pair",
      "provider": "provider[\"registry.terraform.io/hashicorp/tls\"]",
      "instances": [
        {
          "schema_version": 1,
          "attributes": {
            "algorithm": "RSA",
            "ecdsa_curve": "P224",
            "id": "e6daab1788fd136d17fa840709814b1d24f24fcf",
            "private_key_openssh": "-----BEGIN OPENSSH PRIVATE KEY-----\nb3BlbnNzaC1rZXktdjEAAAAABG5vbmUAAAAEbm9uZQAAAAAAAAABAAABFwAAAAdz\nc2gtcnNhAAAAAwEAAQAAAQEAty4yixvwsnMwDVBjMXMSE67Cb/319LuUN86Cajwp\nt/aYbu4/qWeKnUDrnfUacxYV0B+J9KNDeujgUesW552iCxqtg55ModAP60oqIwG0\nryDBNlOmjsYvdhM5tKE3YN4Obzuvd9YpgjMqvUKCV3il6etYttmaUB+BBKhqAaS1\nwucLZ4poTECr14TiR5wJttEw9B9qR+9hpOfCY1m12Ku9RCKayvzD7geAkdoX78+7\nhoy0TifivOLxcC5LD1nJ8TC+37Fdox0jGIKRdHj/4UDg5vAF6o0pXDzCjb+pjk4N\nJGIUh0igtyfVi2Mtul+AFUSgz5Bgr22Up+4T/i2BmdN33wAAA7jtFVYL7RVWCwAA\nAAdzc2gtcnNhAAABAQC3LjKLG/CyczANUGMxcxITrsJv/fX0u5Q3zoJqPCm39phu\n7j+pZ4qdQOud9RpzFhXQH4n0o0N66OBR6xbnnaILGq2Dnkyh0A/rSiojAbSvIME2\nU6aOxi92Ezm0oTdg3g5vO6931imCMyq9QoJXeKXp61i22ZpQH4EEqGoBpLXC5wtn\nimhMQKvXhOJHnAm20TD0H2pH72Gk58JjWbXYq71EIprK/MPuB4CR2hfvz7uGjLRO\nJ+K84vFwLksPWcnxML7fsV2jHSMYgpF0eP/hQODm8AXqjSlcPMKNv6mOTg0kYhSH\nSKC3J9WLYy26X4AVRKDPkGCvbZSn7hP+LYGZ03ffAAAAAwEAAQAAAQEAj3whXTPS\nk4WEwzkPqeFP7Jj8dwsACOaR0DDzmNFtgEsp1eLLfR+8xTbgGMewIyvOhErgHf9w\n0Sru41v5gg3Iq1gHSEzMDAfVIGHkpa0lYfSPQ8W8dqOo851VmzaZEUh/GAQxivX3\nZ6Q6uysIvAmmNJgD0p6asF4tCn/9ITJqqbJKWtQnoZKBlaj3XMN8LGJgPkATS6zg\nN1D/2qoltDsG98/+QIO3tFT1vkA+PkksD1lj3w5aSLk4TPH7v6ajMLKAC29jJdfP\nMBaT4/a9MetwRWM+MC3a1LH7RkI56xF3P8pluD26P67YJGDyrUHF2LOUjSzNqdg2\nDCz7Yn3gU71xWQAAAIEAseUM/DujmpLdc10MIblaP/sSrSh/9G9upDz8aPuBZIa3\nvPHZ8LDm/M78p7JlbcCmFBJAtZ4aguCEtlY4B3/a40ZcsuAz6jHdny+qdg9eoiRR\ngts6WzAplAU+F2VIj0y60moD7CAbfcJrvzXw0PThD+41GUkd3+O+6nNa3uJg8QoA\nAACBAO18uiI2lKVN+Fv+DhRgf4NH0xWEcxS9qoxfsblatONhCvN/nyZzC+umLZXV\nk4Nytme/BAq+Gv+668bvl880+x25++Jtt5tLDe7K+ruWUKFFk/2hWF/FQxGmAf5F\nUPmMWDHl2jFHncQy/fKFwids4/qxpg4o7Xkor0raSRaPvlsDAAAAgQDFdbrQJFpC\npeGnrPaSpJ/1eHklLOMD3rDJEDAqVtqOA1AI1a0YMQyi6aOouRbcXya51CwAIk9R\nLjRa3+i+No2vAEfK5v0SHQbnozOgtfQAsS9pgevjvjfDNK42xVa6gzNIl/L7vRv9\nJwUqD0kq8iVZVywt9WTGZ4wvDyF1RPLK9QAAAAAB\n-----END OPENSSH PRIVATE KEY-----\n",
            "private_key_pem": "-----BEGIN RSA PRIVATE KEY-----\nMIIEpQIBAAKCAQEAty4yixvwsnMwDVBjMXMSE67Cb/319LuUN86Cajwpt/aYbu4/\nqWeKnUDrnfUacxYV0B+J9KNDeujgUesW552iCxqtg55ModAP60oqIwG0ryDBNlOm\njsYvdhM5tKE3YN4Obzuvd9YpgjMqvUKCV3il6etYttmaUB+BBKhqAaS1wucLZ4po\nTECr14TiR5wJttEw9B9qR+9hpOfCY1m12Ku9RCKayvzD7geAkdoX78+7hoy0Tifi\nvOLxcC5LD1nJ8TC+37Fdox0jGIKRdHj/4UDg5vAF6o0pXDzCjb+pjk4NJGIUh0ig\ntyfVi2Mtul+AFUSgz5Bgr22Up+4T/i2BmdN33wIDAQABAoIBAQCPfCFdM9KThYTD\nOQ+p4U/smPx3CwAI5pHQMPOY0W2ASynV4st9H7zFNuAYx7AjK86ESuAd/3DRKu7j\nW/mCDcirWAdITMwMB9UgYeSlrSVh9I9Dxbx2o6jznVWbNpkRSH8YBDGK9fdnpDq7\nKwi8CaY0mAPSnpqwXi0Kf/0hMmqpskpa1CehkoGVqPdcw3wsYmA+QBNLrOA3UP/a\nqiW0Owb3z/5Ag7e0VPW+QD4+SSwPWWPfDlpIuThM8fu/pqMwsoALb2Ml188wFpPj\n9r0x63BFYz4wLdrUsftGQjnrEXc/ymW4Pbo/rtgkYPKtQcXYs5SNLM2p2DYMLPti\nfeBTvXFZAoGBAO18uiI2lKVN+Fv+DhRgf4NH0xWEcxS9qoxfsblatONhCvN/nyZz\nC+umLZXVk4Nytme/BAq+Gv+668bvl880+x25++Jtt5tLDe7K+ruWUKFFk/2hWF/F\nQxGmAf5FUPmMWDHl2jFHncQy/fKFwids4/qxpg4o7Xkor0raSRaPvlsDAoGBAMV1\nutAkWkKl4aes9pKkn/V4eSUs4wPesMkQMCpW2o4DUAjVrRgxDKLpo6i5FtxfJrnU\nLAAiT1EuNFrf6L42ja8AR8rm/RIdBuejM6C19ACxL2mB6+O+N8M0rjbFVrqDM0iX\n8vu9G/0nBSoPSSryJVlXLC31ZMZnjC8PIXVE8sr1AoGBALDGigrTk/wkOL3JM5PJ\nbME84ov+xmbm859/z9wH/+PNJYixM7c8JeBoF0CT9TUAW3SIRCr27UP0UHMJf3gW\nmOG8whj+0JAA40MfxlmB/0y8bPd7dTv8qvrlFlC+KhNHe5LQ5ISQKYiU6GDxXd9Y\n965xNAkQQAxS04ClUYhAwVIfAoGAbG1YVsEPezeBcMRuZVnWqEEuLLa4NcDLzKyB\n9k3ZF1BEW4WR1g3hBXhMMPLp1bq+Fh6mxrAQY+B+SURYllJ4fJcn1QgAATlFOF8K\nk342bUbeZQ49jMI/9oXwAA1esW4n8/3UJF3Uh68si8r2/4kV7zgJ/3aXjsb/WDvz\nwGRK+h0CgYEAseUM/DujmpLdc10MIblaP/sSrSh/9G9upDz8aPuBZIa3vPHZ8LDm\n/M78p7JlbcCmFBJAtZ4aguCEtlY4B3/a40ZcsuAz6jHdny+qdg9eoiRRgts6WzAp\nlAU+F2VIj0y60moD7CAbfcJrvzXw0PThD+41GUkd3+O+6nNa3uJg8Qo=\n-----END RSA PRIVATE KEY-----\n",
            "private_key_pem_pkcs8": "-----BEGIN PRIVATE KEY-----\nMIIEvwIBADANBgkqhkiG9w0BAQEFAASCBKkwggSlAgEAAoIBAQC3LjKLG/CyczAN\nUGMxcxITrsJv/fX0u5Q3zoJqPCm39phu7j+pZ4qdQOud9RpzFhXQH4n0o0N66OBR\n6xbnnaILGq2Dnkyh0A/rSiojAbSvIME2U6aOxi92Ezm0oTdg3g5vO6931imCMyq9\nQoJXeKXp61i22ZpQH4EEqGoBpLXC5wtnimhMQKvXhOJHnAm20TD0H2pH72Gk58Jj\nWbXYq71EIprK/MPuB4CR2hfvz7uGjLROJ+K84vFwLksPWcnxML7fsV2jHSMYgpF0\neP/hQODm8AXqjSlcPMKNv6mOTg0kYhSHSKC3J9WLYy26X4AVRKDPkGCvbZSn7hP+\nLYGZ03ffAgMBAAECggEBAI98IV0z0pOFhMM5D6nhT+yY/HcLAAjmkdAw85jRbYBL\nKdXiy30fvMU24BjHsCMrzoRK4B3/cNEq7uNb+YINyKtYB0hMzAwH1SBh5KWtJWH0\nj0PFvHajqPOdVZs2mRFIfxgEMYr192ekOrsrCLwJpjSYA9KemrBeLQp//SEyaqmy\nSlrUJ6GSgZWo91zDfCxiYD5AE0us4DdQ/9qqJbQ7BvfP/kCDt7RU9b5APj5JLA9Z\nY98OWki5OEzx+7+mozCygAtvYyXXzzAWk+P2vTHrcEVjPjAt2tSx+0ZCOesRdz/K\nZbg9uj+u2CRg8q1BxdizlI0szanYNgws+2J94FO9cVkCgYEA7Xy6IjaUpU34W/4O\nFGB/g0fTFYRzFL2qjF+xuVq042EK83+fJnML66YtldWTg3K2Z78ECr4a/7rrxu+X\nzzT7Hbn74m23m0sN7sr6u5ZQoUWT/aFYX8VDEaYB/kVQ+YxYMeXaMUedxDL98oXC\nJ2zj+rGmDijteSivStpJFo++WwMCgYEAxXW60CRaQqXhp6z2kqSf9Xh5JSzjA96w\nyRAwKlbajgNQCNWtGDEMoumjqLkW3F8mudQsACJPUS40Wt/ovjaNrwBHyub9Eh0G\n56MzoLX0ALEvaYHr4743wzSuNsVWuoMzSJfy+70b/ScFKg9JKvIlWVcsLfVkxmeM\nLw8hdUTyyvUCgYEAsMaKCtOT/CQ4vckzk8lswTzii/7GZubzn3/P3Af/480liLEz\ntzwl4GgXQJP1NQBbdIhEKvbtQ/RQcwl/eBaY4bzCGP7QkADjQx/GWYH/TLxs93t1\nO/yq+uUWUL4qE0d7ktDkhJApiJToYPFd31j3rnE0CRBADFLTgKVRiEDBUh8CgYBs\nbVhWwQ97N4FwxG5lWdaoQS4strg1wMvMrIH2TdkXUERbhZHWDeEFeEww8unVur4W\nHqbGsBBj4H5JRFiWUnh8lyfVCAABOUU4XwqTfjZtRt5lDj2Mwj/2hfAADV6xbifz\n/dQkXdSHryyLyvb/iRXvOAn/dpeOxv9YO/PAZEr6HQKBgQCx5Qz8O6Oakt1zXQwh\nuVo/+xKtKH/0b26kPPxo+4Fkhre88dnwsOb8zvynsmVtwKYUEkC1nhqC4IS2VjgH\nf9rjRlyy4DPqMd2fL6p2D16iJFGC2zpbMCmUBT4XZUiPTLrSagPsIBt9wmu/NfDQ\n9OEP7jUZSR3f477qc1re4mDxCg==\n-----END PRIVATE KEY-----\n",
            "public_key_fingerprint_md5": "5e:82:97:6e:06:01:60:df:74:b2:43:cd:f5:36:dd:16",
            "public_key_fingerprint_sha256": "SHA256:ZO40uch3Uy33vxRYC9DidYSS1FgHWVT1CyU1v7Tod3g",
            "public_key_openssh": "ssh-rsa AAAAB3NzaC1yc2EAAAADAQABAAABAQC3LjKLG/CyczANUGMxcxITrsJv/fX0u5Q3zoJqPCm39phu7j+pZ4qdQOud9RpzFhXQH4n0o0N66OBR6xbnnaILGq2Dnkyh0A/rSiojAbSvIME2U6aOxi92Ezm0oTdg3g5vO6931imCMyq9QoJXeKXp61i22ZpQH4EEqGoBpLXC5wtnimhMQKvXhOJHnAm20TD0H2pH72Gk58JjWbXYq71EIprK/MPuB4CR2hfvz7uGjLROJ+K84vFwLksPWcnxML7fsV2jHSMYgpF0eP/hQODm8AXqjSlcPMKNv6mOTg0kYhSHSKC3J9WLYy26X4AVRKDPkGCvbZSn7hP+LYGZ03ff\n",
            "public_key_pem": "-----BEGIN PUBLIC KEY-----\nMIIBIjANBgkqhkiG9w0BAQEFAAOCAQ8AMIIBCgKCAQEAty4yixvwsnMwDVBjMXMS\nE67Cb/319LuUN86Cajwpt/aYbu4/qWeKnUDrnfUacxYV0B+J9KNDeujgUesW552i\nCxqtg55ModAP60oqIwG0ryDBNlOmjsYvdhM5tKE3YN4Obzuvd9YpgjMqvUKCV3il\n6etYttmaUB+BBKhqAaS1wucLZ4poTECr14TiR5wJttEw9B9qR+9hpOfCY1m12Ku9\nRCKayvzD7geAkdoX78+7hoy0TifivOLxcC5LD1nJ8TC+37Fdox0jGIKRdHj/4UDg\n5vAF6o0pXDzCjb+pjk4NJGIUh0igtyfVi2Mtul+AFUSgz5Bgr22Up+4T/i2BmdN3\n3wIDAQAB\n-----END PUBLIC KEY-----\n",
            "rsa_bits": 2048
          },
          "sensitive_attributes": []
        }
      ]
    }
  ],
  "check_results": null
}
